// !$*UTF8*$!
{
	archiveVersion = 1;
	classes = {
	};
	objectVersion = 46;
	objects = {

/* Begin PBXBuildFile section */
		16F04F30203AB117000E7262 /* AppDelegate.swift in Sources */ = {isa = PBXBuildFile; fileRef = 16F04F2F203AB117000E7262 /* AppDelegate.swift */; };
		16F04F32203AB117000E7262 /* ViewController.swift in Sources */ = {isa = PBXBuildFile; fileRef = 16F04F31203AB117000E7262 /* ViewController.swift */; };
		16F04F35203AB117000E7262 /* Main.storyboard in Resources */ = {isa = PBXBuildFile; fileRef = 16F04F33203AB117000E7262 /* Main.storyboard */; };
		16F04F37203AB117000E7262 /* Assets.xcassets in Resources */ = {isa = PBXBuildFile; fileRef = 16F04F36203AB117000E7262 /* Assets.xcassets */; };
		16F04F3A203AB117000E7262 /* LaunchScreen.storyboard in Resources */ = {isa = PBXBuildFile; fileRef = 16F04F38203AB117000E7262 /* LaunchScreen.storyboard */; };
/* End PBXBuildFile section */

/* Begin PBXFileReference section */
		16F04F2C203AB117000E7262 /* Bulls Eye.app */ = {isa = PBXFileReference; explicitFileType = wrapper.application; includeInIndex = 0; path = "Bulls Eye.app"; sourceTree = BUILT_PRODUCTS_DIR; };
		16F04F2F203AB117000E7262 /* AppDelegate.swift */ = {isa = PBXFileReference; lastKnownFileType = sourcecode.swift; path = AppDelegate.swift; sourceTree = "<group>"; };
		16F04F31203AB117000E7262 /* ViewController.swift */ = {isa = PBXFileReference; lastKnownFileType = sourcecode.swift; path = ViewController.swift; sourceTree = "<group>"; };
		16F04F34203AB117000E7262 /* Base */ = {isa = PBXFileReference; lastKnownFileType = file.storyboard; name = Base; path = Base.lproj/Main.storyboard; sourceTree = "<group>"; };
		16F04F36203AB117000E7262 /* Assets.xcassets */ = {isa = PBXFileReference; lastKnownFileType = folder.assetcatalog; path = Assets.xcassets; sourceTree = "<group>"; };
		16F04F39203AB117000E7262 /* Base */ = {isa = PBXFileReference; lastKnownFileType = file.storyboard; name = Base; path = Base.lproj/LaunchScreen.storyboard; sourceTree = "<group>"; };
		16F04F3B203AB117000E7262 /* Info.plist */ = {isa = PBXFileReference; lastKnownFileType = text.plist.xml; path = Info.plist; sourceTree = "<group>"; };
/* End PBXFileReference section */

/* Begin PBXFrameworksBuildPhase section */
		16F04F29203AB117000E7262 /* Frameworks */ = {
			isa = PBXFrameworksBuildPhase;
			buildActionMask = 2147483647;
			files = (
			);
			runOnlyForDeploymentPostprocessing = 0;
		};
/* End PBXFrameworksBuildPhase section */

/* Begin PBXGroup section */
		16F04F23203AB117000E7262 = {
			isa = PBXGroup;
			children = (
				16F04F2E203AB117000E7262 /* Bulls Eye */,
				16F04F2D203AB117000E7262 /* Products */,
			);
			sourceTree = "<group>";
		};
		16F04F2D203AB117000E7262 /* Products */ = {
			isa = PBXGroup;
			children = (
				16F04F2C203AB117000E7262 /* Bulls Eye.app */,
			);
			name = Products;
			sourceTree = "<group>";
		};
		16F04F2E203AB117000E7262 /* Bulls Eye */ = {
			isa = PBXGroup;
			children = (
				16F04F2F203AB117000E7262 /* AppDelegate.swift */,
				16F04F31203AB117000E7262 /* ViewController.swift */,
				16F04F33203AB117000E7262 /* Main.storyboard */,
				16F04F36203AB117000E7262 /* Assets.xcassets */,
				16F04F38203AB117000E7262 /* LaunchScreen.storyboard */,
				16F04F3B203AB117000E7262 /* Info.plist */,
			);
			path = "Bulls Eye";
			sourceTree = "<group>";
		};
/* End PBXGroup section */

/* Begin PBXNativeTarget section */
		16F04F2B203AB117000E7262 /* Bulls Eye */ = {
			isa = PBXNativeTarget;
			buildConfigurationList = 16F04F3E203AB117000E7262 /* Build configuration list for PBXNativeTarget "Bulls Eye" */;
			buildPhases = (
				16F04F28203AB117000E7262 /* Sources */,
				16F04F29203AB117000E7262 /* Frameworks */,
				16F04F2A203AB117000E7262 /* Resources */,
			);
			buildRules = (
			);
			dependencies = (
			);
			name = "Bulls Eye";
			productName = "Bulls Eye";
			productReference = 16F04F2C203AB117000E7262 /* Bulls Eye.app */;
			productType = "com.apple.product-type.application";
		};
/* End PBXNativeTarget section */

/* Begin PBXProject section */
		16F04F24203AB117000E7262 /* Project object */ = {
			isa = PBXProject;
			attributes = {
				LastSwiftUpdateCheck = 0830;
				LastUpgradeCheck = 0830;
				ORGANIZATIONNAME = "Trakya University";
				TargetAttributes = {
					16F04F2B203AB117000E7262 = {
						CreatedOnToolsVersion = 8.3.2;
						ProvisioningStyle = Automatic;
					};
				};
			};
			buildConfigurationList = 16F04F27203AB117000E7262 /* Build configuration list for PBXProject "Bulls Eye" */;
			compatibilityVersion = "Xcode 3.2";
			developmentRegion = English;
			hasScannedForEncodings = 0;
			knownRegions = (
				en,
				Base,
			);
			mainGroup = 16F04F23203AB117000E7262;
			productRefGroup = 16F04F2D203AB117000E7262 /* Products */;
			projectDirPath = "";
			projectRoot = "";
			targets = (
				16F04F2B203AB117000E7262 /* Bulls Eye */,
			);
		};
/* End PBXProject section */

/* Begin PBXResourcesBuildPhase section */
		16F04F2A203AB117000E7262 /* Resources */ = {
			isa = PBXResourcesBuildPhase;
			buildActionMask = 2147483647;
			files = (
				16F04F3A203AB117000E7262 /* LaunchScreen.storyboard in Resources */,
				16F04F37203AB117000E7262 /* Assets.xcassets in Resources */,
				16F04F35203AB117000E7262 /* Main.storyboard in Resources */,
			);
			runOnlyForDeploymentPostprocessing = 0;
		};
/* End PBXResourcesBuildPhase section */

/* Begin PBXSourcesBuildPhase section */
		16F04F28203AB117000E7262 /* Sources */ = {
			isa = PBXSourcesBuildPhase;
			buildActionMask = 2147483647;
			files = (
				16F04F32203AB117000E7262 /* ViewController.swift in Sources */,
				16F04F30203AB117000E7262 /* AppDelegate.swift in Sources */,
			);
			runOnlyForDeploymentPostprocessing = 0;
		};
/* End PBXSourcesBuildPhase section */

/* Begin PBXVariantGroup section */
		16F04F33203AB117000E7262 /* Main.storyboard */ = {
			isa = PBXVariantGroup;
			children = (
				16F04F34203AB117000E7262 /* Base */,
			);
			name = Main.storyboard;
			sourceTree = "<group>";
		};
		16F04F38203AB117000E7262 /* LaunchScreen.storyboard */ = {
			isa = PBXVariantGroup;
			children = (
				16F04F39203AB117000E7262 /* Base */,
			);
			name = LaunchScreen.storyboard;
			sourceTree = "<group>";
		};
/* End PBXVariantGroup section */

/* Begin XCBuildConfiguration section */
		16F04F3C203AB117000E7262 /* Debug */ = {
			isa = XCBuildConfiguration;
			buildSettings = {
				ALWAYS_SEARCH_USER_PATHS = NO;
				CLANG_ANALYZER_NONNULL = YES;
				CLANG_ANALYZER_NUMBER_OBJECT_CONVERSION = YES_AGGRESSIVE;
				CLANG_CXX_LANGUAGE_STANDARD = "gnu++0x";
				CLANG_CXX_LIBRARY = "libc++";
				CLANG_ENABLE_MODULES = YES;
				CLANG_ENABLE_OBJC_ARC = YES;
				CLANG_WARN_BOOL_CONVERSION = YES;
				CLANG_WARN_CONSTANT_CONVERSION = YES;
				CLANG_WARN_DIRECT_OBJC_ISA_USAGE = YES_ERROR;
				CLANG_WARN_DOCUMENTATION_COMMENTS = YES;
				CLANG_WARN_EMPTY_BODY = YES;
				CLANG_WARN_ENUM_CONVERSION = YES;
				CLANG_WARN_INFINITE_RECURSION = YES;
				CLANG_WARN_INT_CONVERSION = YES;
				CLANG_WARN_OBJC_ROOT_CLASS = YES_ERROR;
				CLANG_WARN_SUSPICIOUS_MOVE = YES;
				CLANG_WARN_UNREACHABLE_CODE = YES;
				CLANG_WARN__DUPLICATE_METHOD_MATCH = YES;
				"CODE_SIGN_IDENTITY[sdk=iphoneos*]" = "iPhone Developer";
				COPY_PHASE_STRIP = NO;
				DEBUG_INFORMATION_FORMAT = dwarf;
				ENABLE_STRICT_OBJC_MSGSEND = YES;
				ENABLE_TESTABILITY = YES;
				GCC_C_LANGUAGE_STANDARD = gnu99;
				GCC_DYNAMIC_NO_PIC = NO;
				GCC_NO_COMMON_BLOCKS = YES;
				GCC_OPTIMIZATION_LEVEL = 0;
				GCC_PREPROCESSOR_DEFINITIONS = (
					"DEBUG=1",
					"$(inherited)",
				);
				GCC_WARN_64_TO_32_BIT_CONVERSION = YES;
				GCC_WARN_ABOUT_RETURN_TYPE = YES_ERROR;
				GCC_WARN_UNDECLARED_SELECTOR = YES;
				GCC_WARN_UNINITIALIZED_AUTOS = YES_AGGRESSIVE;
				GCC_WARN_UNUSED_FUNCTION = YES;
				GCC_WARN_UNUSED_VARIABLE = YES;
				IPHONEOS_DEPLOYMENT_TARGET = 10.3;
				MTL_ENABLE_DEBUG_INFO = YES;
				ONLY_ACTIVE_ARCH = YES;
				SDKROOT = iphoneos;
				SWIFT_ACTIVE_COMPILATION_CONDITIONS = DEBUG;
				SWIFT_OPTIMIZATION_LEVEL = "-Onone";
			};
			name = Debug;
		};
		16F04F3D203AB117000E7262 /* Release */ = {
			isa = XCBuildConfiguration;
			buildSettings = {
				ALWAYS_SEARCH_USER_PATHS = NO;
				CLANG_ANALYZER_NONNULL = YES;
				CLANG_ANALYZER_NUMBER_OBJECT_CONVERSION = YES_AGGRESSIVE;
				CLANG_CXX_LANGUAGE_STANDARD = "gnu++0x";
				CLANG_CXX_LIBRARY = "libc++";
				CLANG_ENABLE_MODULES = YES;
				CLANG_ENABLE_OBJC_ARC = YES;
				CLANG_WARN_BOOL_CONVERSION = YES;
				CLANG_WARN_CONSTANT_CONVERSION = YES;
				CLANG_WARN_DIRECT_OBJC_ISA_USAGE = YES_ERROR;
				CLANG_WARN_DOCUMENTATION_COMMENTS = YES;
				CLANG_WARN_EMPTY_BODY = YES;
				CLANG_WARN_ENUM_CONVERSION = YES;
				CLANG_WARN_INFINITE_RECURSION = YES;
				CLANG_WARN_INT_CONVERSION = YES;
				CLANG_WARN_OBJC_ROOT_CLASS = YES_ERROR;
				CLANG_WARN_SUSPICIOUS_MOVE = YES;
				CLANG_WARN_UNREACHABLE_CODE = YES;
				CLANG_WARN__DUPLICATE_METHOD_MATCH = YES;
				"CODE_SIGN_IDENTITY[sdk=iphoneos*]" = "iPhone Developer";
				COPY_PHASE_STRIP = NO;
				DEBUG_INFORMATION_FORMAT = "dwarf-with-dsym";
				ENABLE_NS_ASSERTIONS = NO;
				ENABLE_STRICT_OBJC_MSGSEND = YES;
				GCC_C_LANGUAGE_STANDARD = gnu99;
				GCC_NO_COMMON_BLOCKS = YES;
				GCC_WARN_64_TO_32_BIT_CONVERSION = YES;
				GCC_WARN_ABOUT_RETURN_TYPE = YES_ERROR;
				GCC_WARN_UNDECLARED_SELECTOR = YES;
				GCC_WARN_UNINITIALIZED_AUTOS = YES_AGGRESSIVE;
				GCC_WARN_UNUSED_FUNCTION = YES;
				GCC_WARN_UNUSED_VARIABLE = YES;
				IPHONEOS_DEPLOYMENT_TARGET = 10.3;
				MTL_ENABLE_DEBUG_INFO = NO;
				SDKROOT = iphoneos;
				SWIFT_OPTIMIZATION_LEVEL = "-Owholemodule";
				VALIDATE_PRODUCT = YES;
			};
			name = Release;
		};
		16F04F3F203AB117000E7262 /* Debug */ = {
			isa = XCBuildConfiguration;
			buildSettings = {
				ASSETCATALOG_COMPILER_APPICON_NAME = AppIcon;
				INFOPLIST_FILE = "Bulls Eye/Info.plist";
				LD_RUNPATH_SEARCH_PATHS = "$(inherited) @executable_path/Frameworks";
				PRODUCT_BUNDLE_IDENTIFIER = "trakya.edu.tr.Bulls-Eye";
				PRODUCT_NAME = "$(TARGET_NAME)";
				SWIFT_VERSION = 3.0;
			};
			name = Debug;
		};
		16F04F40203AB117000E7262 /* Release */ = {
			isa = XCBuildConfiguration;
			buildSettings = {
				ASSETCATALOG_COMPILER_APPICON_NAME = AppIcon;
				INFOPLIST_FILE = "Bulls Eye/Info.plist";
				LD_RUNPATH_SEARCH_PATHS = "$(inherited) @executable_path/Frameworks";
				PRODUCT_BUNDLE_IDENTIFIER = "trakya.edu.tr.Bulls-Eye";
				PRODUCT_NAME = "$(TARGET_NAME)";
				SWIFT_VERSION = 3.0;
			};
			name = Release;
		};
/* End XCBuildConfiguration section */

/* Begin XCConfigurationList section */
		16F04F27203AB117000E7262 /* Build configuration list for PBXProject "Bulls Eye" */ = {
			isa = XCConfigurationList;
			buildConfigurations = (
				16F04F3C203AB117000E7262 /* Debug */,
				16F04F3D203AB117000E7262 /* Release */,
			);
			defaultConfigurationIsVisible = 0;
			defaultConfigurationName = Release;
		};
		16F04F3E203AB117000E7262 /* Build configuration list for PBXNativeTarget "Bulls Eye" */ = {
			isa = XCConfigurationList;
			buildConfigurations = (
				16F04F3F203AB117000E7262 /* Debug */,
				16F04F40203AB117000E7262 /* Release */,
			);
			defaultConfigurationIsVisible = 0;
		};
/* End XCConfigurationList section */
	};
	rootObject = 16F04F24203AB117000E7262 /* Project object */;
}
